
Microsoft Visual Studio Solution File, Format Version 12.00
# Visual Studio Version 17
VisualStudioVersion = 17.3.32825.248
MinimumVisualStudioVersion = 10.0.40219.1
Project("{FAE04EC0-301F-11D3-BF4B-00C04F79EFBC}") = "Product_Review_LINQ", "Product_Review_LINQ.csproj", "{86473DB2-7AC9-46D9-ABE5-968BF47B98EF}"
EndProject
Project("{FAE04EC0-301F-11D3-BF4B-00C04F79EFBC}") = "TestProject1", "..\TestProject1\TestProject1.csproj", "{C58A897A-C1E8-43BB-B7F0-EB7C4138D19B}"
EndProject
Global
	GlobalSection(SolutionConfigurationPlatforms) = preSolution
		Debug|Any CPU = Debug|Any CPU
		Release|Any CPU = Release|Any CPU
	EndGlobalSection
	GlobalSection(ProjectConfigurationPlatforms) = postSolution
		{86473DB2-7AC9-46D9-ABE5-968BF47B98EF}.Debug|Any CPU.ActiveCfg = Debug|Any CPU
		{86473DB2-7AC9-46D9-ABE5-968BF47B98EF}.Debug|Any CPU.Build.0 = Debug|Any CPU
		{86473DB2-7AC9-46D9-ABE5-968BF47B98EF}.Release|Any CPU.ActiveCfg = Release|Any CPU
		{86473DB2-7AC9-46D9-ABE5-968BF47B98EF}.Release|Any CPU.Build.0 = Release|Any CPU
		{C58A897A-C1E8-43BB-B7F0-EB7C4138D19B}.Debug|Any CPU.ActiveCfg = Debug|Any CPU
		{C58A897A-C1E8-43BB-B7F0-EB7C4138D19B}.Debug|Any CPU.Build.0 = Debug|Any CPU
		{C58A897A-C1E8-43BB-B7F0-EB7C4138D19B}.Release|Any CPU.ActiveCfg = Release|Any CPU
		{C58A897A-C1E8-43BB-B7F0-EB7C4138D19B}.Release|Any CPU.Build.0 = Release|Any CPU
	EndGlobalSection
	GlobalSection(SolutionProperties) = preSolution
		HideSolutionNode = FALSE
	EndGlobalSection
	GlobalSection(ExtensibilityGlobals) = postSolution
		SolutionGuid = {7F96694C-ACB9-4A60-913C-5E2673205AFC}
	EndGlobalSection
EndGlobal
